
Microsoft Visual Studio Solution File, Format Version 12.00
# Visual Studio Version 17
VisualStudioVersion = 17.8.34316.72
MinimumVisualStudioVersion = 10.0.40219.1
Project("{9A19103F-16F7-4668-BE54-9A1E7A4F7556}") = "DAL", "DAL\DAL.csproj", "{9748CB2C-A1D9-48AD-ACCB-2BE777B50AD3}"
EndProject
Project("{FAE04EC0-301F-11D3-BF4B-00C04F79EFBC}") = "Domain", "Domain\Domain.csproj", "{FE8C368E-35C2-41EA-9203-CD8A644338DD}"
EndProject
Project("{FAE04EC0-301F-11D3-BF4B-00C04F79EFBC}") = "BLL", "BLL\BLL.csproj", "{F22EE537-71A2-48BC-907D-A65CA519D267}"
EndProject
Global
	GlobalSection(SolutionConfigurationPlatforms) = preSolution
		Debug|Any CPU = Debug|Any CPU
		Release|Any CPU = Release|Any CPU
	EndGlobalSection
	GlobalSection(ProjectConfigurationPlatforms) = postSolution
		{9748CB2C-A1D9-48AD-ACCB-2BE777B50AD3}.Debug|Any CPU.ActiveCfg = Debug|Any CPU
		{9748CB2C-A1D9-48AD-ACCB-2BE777B50AD3}.Debug|Any CPU.Build.0 = Debug|Any CPU
		{9748CB2C-A1D9-48AD-ACCB-2BE777B50AD3}.Release|Any CPU.ActiveCfg = Release|Any CPU
		{9748CB2C-A1D9-48AD-ACCB-2BE777B50AD3}.Release|Any CPU.Build.0 = Release|Any CPU
		{FE8C368E-35C2-41EA-9203-CD8A644338DD}.Debug|Any CPU.ActiveCfg = Debug|Any CPU
		{FE8C368E-35C2-41EA-9203-CD8A644338DD}.Debug|Any CPU.Build.0 = Debug|Any CPU
		{FE8C368E-35C2-41EA-9203-CD8A644338DD}.Release|Any CPU.ActiveCfg = Release|Any CPU
		{FE8C368E-35C2-41EA-9203-CD8A644338DD}.Release|Any CPU.Build.0 = Release|Any CPU
		{F22EE537-71A2-48BC-907D-A65CA519D267}.Debug|Any CPU.ActiveCfg = Debug|Any CPU
		{F22EE537-71A2-48BC-907D-A65CA519D267}.Debug|Any CPU.Build.0 = Debug|Any CPU
		{F22EE537-71A2-48BC-907D-A65CA519D267}.Release|Any CPU.ActiveCfg = Release|Any CPU
		{F22EE537-71A2-48BC-907D-A65CA519D267}.Release|Any CPU.Build.0 = Release|Any CPU
	EndGlobalSection
	GlobalSection(SolutionProperties) = preSolution
		HideSolutionNode = FALSE
	EndGlobalSection
	GlobalSection(ExtensibilityGlobals) = postSolution
		SolutionGuid = {56DCFFF3-6883-4211-AB51-7AEFC0CE11D4}
	EndGlobalSection
EndGlobal
